
Microsoft Visual Studio Solution File, Format Version 12.00
# Visual Studio Version 16
VisualStudioVersion = 16.0.28803.452
MinimumVisualStudioVersion = 10.0.40219.1
Project("{2150E333-8FDC-42A3-9474-1A3956D46DE8}") = "Solution Items", "Solution Items", "{BAA63170-C230-4622-B22E-DD3CF2763EF1}"
	ProjectSection(SolutionItems) = preProject
		.gitignore = .gitignore
		azure-pipelines.yml = azure-pipelines.yml
		docker-compose.yml = docker-compose.yml
		README.md = README.md
	EndProjectSection
EndProject
Project("{9A19103F-16F7-4668-BE54-9A1E7A4F7556}") = "Cloudy.CMS", "Cloudy.CMS\Cloudy.CMS.csproj", "{E7574FCD-9AC1-4901-BC24-9A8E1CAC7D20}"
EndProject
Project("{9A19103F-16F7-4668-BE54-9A1E7A4F7556}") = "Website.AspNetCore", "Website.AspNetCore\Website.AspNetCore.csproj", "{B19EABD8-A971-4434-A71A-C9A6E4EC70E6}"
EndProject
Project("{9A19103F-16F7-4668-BE54-9A1E7A4F7556}") = "Cloudy.CMS.UI", "Cloudy.CMS.UI\Cloudy.CMS.UI.csproj", "{EBD68178-85E0-4734-9D29-450639C6254C}"
EndProject
Project("{9A19103F-16F7-4668-BE54-9A1E7A4F7556}") = "Tests", "Tests\Tests.csproj", "{058E1ED7-8528-4FB0-8044-84CDCB344518}"
EndProject
Project("{9A19103F-16F7-4668-BE54-9A1E7A4F7556}") = "Cloudy.CMS.MongoDB", "Cloudy.CMS.MongoDB\Cloudy.CMS.MongoDB.csproj", "{0D3310F5-A37A-47F5-A766-160072B46D44}"
EndProject
Project("{9A19103F-16F7-4668-BE54-9A1E7A4F7556}") = "Cloudy.CMS.MongoDB.Integrations.JsonDotNet", "Cloudy.CMS.MongoDB.Integrations.JsonDotNet\Cloudy.CMS.MongoDB.Integrations.JsonDotNet.csproj", "{22F72B33-47B1-4702-94C3-2C296D5BCFDE}"
EndProject
Global
	GlobalSection(SolutionConfigurationPlatforms) = preSolution
		Debug|Any CPU = Debug|Any CPU
		Release|Any CPU = Release|Any CPU
	EndGlobalSection
	GlobalSection(ProjectConfigurationPlatforms) = postSolution
		{E7574FCD-9AC1-4901-BC24-9A8E1CAC7D20}.Debug|Any CPU.ActiveCfg = Debug|Any CPU
		{E7574FCD-9AC1-4901-BC24-9A8E1CAC7D20}.Debug|Any CPU.Build.0 = Debug|Any CPU
		{E7574FCD-9AC1-4901-BC24-9A8E1CAC7D20}.Release|Any CPU.ActiveCfg = Release|Any CPU
		{E7574FCD-9AC1-4901-BC24-9A8E1CAC7D20}.Release|Any CPU.Build.0 = Release|Any CPU
		{B19EABD8-A971-4434-A71A-C9A6E4EC70E6}.Debug|Any CPU.ActiveCfg = Debug|Any CPU
		{B19EABD8-A971-4434-A71A-C9A6E4EC70E6}.Debug|Any CPU.Build.0 = Debug|Any CPU
		{B19EABD8-A971-4434-A71A-C9A6E4EC70E6}.Release|Any CPU.ActiveCfg = Release|Any CPU
		{B19EABD8-A971-4434-A71A-C9A6E4EC70E6}.Release|Any CPU.Build.0 = Release|Any CPU
		{EBD68178-85E0-4734-9D29-450639C6254C}.Debug|Any CPU.ActiveCfg = Debug|Any CPU
		{EBD68178-85E0-4734-9D29-450639C6254C}.Debug|Any CPU.Build.0 = Debug|Any CPU
		{EBD68178-85E0-4734-9D29-450639C6254C}.Release|Any CPU.ActiveCfg = Release|Any CPU
		{EBD68178-85E0-4734-9D29-450639C6254C}.Release|Any CPU.Build.0 = Release|Any CPU
		{058E1ED7-8528-4FB0-8044-84CDCB344518}.Debug|Any CPU.ActiveCfg = Debug|Any CPU
		{058E1ED7-8528-4FB0-8044-84CDCB344518}.Debug|Any CPU.Build.0 = Debug|Any CPU
		{058E1ED7-8528-4FB0-8044-84CDCB344518}.Release|Any CPU.ActiveCfg = Release|Any CPU
		{058E1ED7-8528-4FB0-8044-84CDCB344518}.Release|Any CPU.Build.0 = Release|Any CPU
		{0D3310F5-A37A-47F5-A766-160072B46D44}.Debug|Any CPU.ActiveCfg = Debug|Any CPU
		{0D3310F5-A37A-47F5-A766-160072B46D44}.Debug|Any CPU.Build.0 = Debug|Any CPU
		{0D3310F5-A37A-47F5-A766-160072B46D44}.Release|Any CPU.ActiveCfg = Release|Any CPU
		{0D3310F5-A37A-47F5-A766-160072B46D44}.Release|Any CPU.Build.0 = Release|Any CPU
		{22F72B33-47B1-4702-94C3-2C296D5BCFDE}.Debug|Any CPU.ActiveCfg = Debug|Any CPU
		{22F72B33-47B1-4702-94C3-2C296D5BCFDE}.Debug|Any CPU.Build.0 = Debug|Any CPU
		{22F72B33-47B1-4702-94C3-2C296D5BCFDE}.Release|Any CPU.ActiveCfg = Release|Any CPU
		{22F72B33-47B1-4702-94C3-2C296D5BCFDE}.Release|Any CPU.Build.0 = Release|Any CPU
	EndGlobalSection
	GlobalSection(SolutionProperties) = preSolution
		HideSolutionNode = FALSE
	EndGlobalSection
	GlobalSection(ExtensibilityGlobals) = postSolution
		SolutionGuid = {08B7D792-D2DC-4604-83C0-FB1FB728A573}
	EndGlobalSection
EndGlobal
